schema: '2.0'
stages:
  data_ingestion:
    cmd: python src/cnnClassifier/pipeline/stage_01_data_ingestion.py
    deps:
    - path: config/config.yaml
      hash: md5
      md5: 2ea6393ccddded77b11776834579fd93
      size: 819
    - path: src/cnnClassifier/pipeline/stage_01_data_ingestion.py
      hash: md5
      md5: 31c26a472552222c2cf46f84f3b4a0a6
      size: 903
    outs:
    - path: artifacts/data_ingestion/Chicken-fecal-images
      hash: md5
      md5: 9e1f8dd2eae3c29e9d635df89d438ae4.dir
      size: 12207807
      nfiles: 390
  prepare_base_model:
    cmd: python src/cnnClassifier/pipeline/stage_02_prepare_base_model.py
    deps:
    - path: config/config.yaml
      hash: md5
      md5: 2ea6393ccddded77b11776834579fd93
      size: 819
    - path: src/cnnClassifier/pipeline/stage_02_prepare_base_model.py
      hash: md5
      md5: e32f648df8b9fe65b893433abceec6db
      size: 990
    params:
      params.yaml:
        CLASSES: 2
        IMAGE_SIZE:
        - 224
        - 224
        - 3
        INCLUDE_TOP: false
        LEARNING_RATE: 0.01
        WEIGHTS: imagenet
    outs:
    - path: artifacts/prepare_base_model
      hash: md5
      md5: 1b9307e444542c8f8d2dbaa6486b0e0f.dir
      size: 118061914
      nfiles: 2
  training:
    cmd: python src/cnnClassifier/pipeline/stage_03_training.py
    deps:
    - path: artifacts/data_ingestion/Chicken-fecal-images
      hash: md5
      md5: 9e1f8dd2eae3c29e9d635df89d438ae4.dir
      size: 12207807
      nfiles: 390
    - path: artifacts/prepare_base_model
      hash: md5
      md5: 1b9307e444542c8f8d2dbaa6486b0e0f.dir
      size: 118061914
      nfiles: 2
    - path: config/config.yaml
      hash: md5
      md5: 2ea6393ccddded77b11776834579fd93
      size: 819
    - path: src/cnnClassifier/components/prepare_callbacks.py
      hash: md5
      md5: 32940166d5c04b8efe1a4ee5078aec47
      size: 1002
    - path: src/cnnClassifier/pipeline/stage_03_training.py
      hash: md5
      md5: f12868f88846f5edeb3412476d330e99
      size: 1290
    params:
      params.yaml:
        AUGMENTATION: true
        BATCH_SIZE: 16
        EPOCHS: 1
        IMAGE_SIZE:
        - 224
        - 224
        - 3
    outs:
    - path: artifacts/training/model.keras
      hash: md5
      md5: 51127a3ce7b7b7e26dce68e33bad017d
      size: 59135201
  evaluation:
    cmd: python src/cnnClassifier/pipeline/stage_04_evaluation.py
    deps:
    - path: artifacts/data_ingestion/Chicken-fecal-images
      hash: md5
      md5: 9e1f8dd2eae3c29e9d635df89d438ae4.dir
      size: 12207807
      nfiles: 390
    - path: artifacts/training/model.keras
      hash: md5
      md5: 51127a3ce7b7b7e26dce68e33bad017d
      size: 59135201
    - path: config/config.yaml
      hash: md5
      md5: 2ea6393ccddded77b11776834579fd93
      size: 819
    - path: src/cnnClassifier/pipeline/stage_04_evaluation.py
      hash: md5
      md5: 18d8a46a52eb6a0e625b1890cfa263c5
      size: 883
    params:
      params.yaml:
        BATCH_SIZE: 16
        IMAGE_SIZE:
        - 224
        - 224
        - 3
    outs:
    - path: scores.json
      hash: md5
      md5: 59590c85b531052b783e95d69e209fee
      size: 73
